// !$*UTF8*$!
{
	archiveVersion = 1;
	classes = {
	};
	objectVersion = 46;
	objects = {

/* Begin PBXBuildFile section */
		D0C7BF921E2EF2D500F2048A /* AppDelegate.swift in Sources */ = {isa = PBXBuildFile; fileRef = D0C7BF911E2EF2D500F2048A /* AppDelegate.swift */; };
		D0C7BF941E2EF2D500F2048A /* ViewController.swift in Sources */ = {isa = PBXBuildFile; fileRef = D0C7BF931E2EF2D500F2048A /* ViewController.swift */; };
		D0C7BF971E2EF2D500F2048A /* Main.storyboard in Resources */ = {isa = PBXBuildFile; fileRef = D0C7BF951E2EF2D500F2048A /* Main.storyboard */; };
		D0C7BF991E2EF2D500F2048A /* Assets.xcassets in Resources */ = {isa = PBXBuildFile; fileRef = D0C7BF981E2EF2D500F2048A /* Assets.xcassets */; };
		D0C7BF9C1E2EF2D500F2048A /* LaunchScreen.storyboard in Resources */ = {isa = PBXBuildFile; fileRef = D0C7BF9A1E2EF2D500F2048A /* LaunchScreen.storyboard */; };
		D0C7BFA71E2EF2D500F2048A /* Types_and_ConsoleTests.swift in Sources */ = {isa = PBXBuildFile; fileRef = D0C7BFA61E2EF2D500F2048A /* Types_and_ConsoleTests.swift */; };
		D0C7BFB21E2EF2D600F2048A /* Types_and_ConsoleUITests.swift in Sources */ = {isa = PBXBuildFile; fileRef = D0C7BFB11E2EF2D600F2048A /* Types_and_ConsoleUITests.swift */; };
/* End PBXBuildFile section */

/* Begin PBXContainerItemProxy section */
		D0C7BFA31E2EF2D500F2048A /* PBXContainerItemProxy */ = {
			isa = PBXContainerItemProxy;
			containerPortal = D0C7BF861E2EF2D500F2048A /* Project object */;
			proxyType = 1;
			remoteGlobalIDString = D0C7BF8D1E2EF2D500F2048A;
			remoteInfo = "Types and Console";
		};
		D0C7BFAE1E2EF2D500F2048A /* PBXContainerItemProxy */ = {
			isa = PBXContainerItemProxy;
			containerPortal = D0C7BF861E2EF2D500F2048A /* Project object */;
			proxyType = 1;
			remoteGlobalIDString = D0C7BF8D1E2EF2D500F2048A;
			remoteInfo = "Types and Console";
		};
/* End PBXContainerItemProxy section */

/* Begin PBXFileReference section */
		D0C7BF8E1E2EF2D500F2048A /* Types and Console.app */ = {isa = PBXFileReference; explicitFileType = wrapper.application; includeInIndex = 0; path = "Types and Console.app"; sourceTree = BUILT_PRODUCTS_DIR; };
		D0C7BF911E2EF2D500F2048A /* AppDelegate.swift */ = {isa = PBXFileReference; lastKnownFileType = sourcecode.swift; path = AppDelegate.swift; sourceTree = "<group>"; };
		D0C7BF931E2EF2D500F2048A /* ViewController.swift */ = {isa = PBXFileReference; lastKnownFileType = sourcecode.swift; path = ViewController.swift; sourceTree = "<group>"; };
		D0C7BF961E2EF2D500F2048A /* Base */ = {isa = PBXFileReference; lastKnownFileType = file.storyboard; name = Base; path = Base.lproj/Main.storyboard; sourceTree = "<group>"; };
		D0C7BF981E2EF2D500F2048A /* Assets.xcassets */ = {isa = PBXFileReference; lastKnownFileType = folder.assetcatalog; path = Assets.xcassets; sourceTree = "<group>"; };
		D0C7BF9B1E2EF2D500F2048A /* Base */ = {isa = PBXFileReference; lastKnownFileType = file.storyboard; name = Base; path = Base.lproj/LaunchScreen.storyboard; sourceTree = "<group>"; };
		D0C7BF9D1E2EF2D500F2048A /* Info.plist */ = {isa = PBXFileReference; lastKnownFileType = text.plist.xml; path = Info.plist; sourceTree = "<group>"; };
		D0C7BFA21E2EF2D500F2048A /* Types and ConsoleTests.xctest */ = {isa = PBXFileReference; explicitFileType = wrapper.cfbundle; includeInIndex = 0; path = "Types and ConsoleTests.xctest"; sourceTree = BUILT_PRODUCTS_DIR; };
		D0C7BFA61E2EF2D500F2048A /* Types_and_ConsoleTests.swift */ = {isa = PBXFileReference; lastKnownFileType = sourcecode.swift; path = Types_and_ConsoleTests.swift; sourceTree = "<group>"; };
		D0C7BFA81E2EF2D500F2048A /* Info.plist */ = {isa = PBXFileReference; lastKnownFileType = text.plist.xml; path = Info.plist; sourceTree = "<group>"; };
		D0C7BFAD1E2EF2D500F2048A /* Types and ConsoleUITests.xctest */ = {isa = PBXFileReference; explicitFileType = wrapper.cfbundle; includeInIndex = 0; path = "Types and ConsoleUITests.xctest"; sourceTree = BUILT_PRODUCTS_DIR; };
		D0C7BFB11E2EF2D600F2048A /* Types_and_ConsoleUITests.swift */ = {isa = PBXFileReference; lastKnownFileType = sourcecode.swift; path = Types_and_ConsoleUITests.swift; sourceTree = "<group>"; };
		D0C7BFB31E2EF2D600F2048A /* Info.plist */ = {isa = PBXFileReference; lastKnownFileType = text.plist.xml; path = Info.plist; sourceTree = "<group>"; };
/* End PBXFileReference section */

/* Begin PBXFrameworksBuildPhase section */
		D0C7BF8B1E2EF2D500F2048A /* Frameworks */ = {
			isa = PBXFrameworksBuildPhase;
			buildActionMask = 2147483647;
			files = (
			);
			runOnlyForDeploymentPostprocessing = 0;
		};
		D0C7BF9F1E2EF2D500F2048A /* Frameworks */ = {
			isa = PBXFrameworksBuildPhase;
			buildActionMask = 2147483647;
			files = (
			);
			runOnlyForDeploymentPostprocessing = 0;
		};
		D0C7BFAA1E2EF2D500F2048A /* Frameworks */ = {
			isa = PBXFrameworksBuildPhase;
			buildActionMask = 2147483647;
			files = (
			);
			runOnlyForDeploymentPostprocessing = 0;
		};
/* End PBXFrameworksBuildPhase section */

/* Begin PBXGroup section */
		D0C7BF851E2EF2D500F2048A = {
			isa = PBXGroup;
			children = (
				D0C7BF901E2EF2D500F2048A /* Types and Console */,
				D0C7BFA51E2EF2D500F2048A /* Types and ConsoleTests */,
				D0C7BFB01E2EF2D600F2048A /* Types and ConsoleUITests */,
				D0C7BF8F1E2EF2D500F2048A /* Products */,
			);
			sourceTree = "<group>";
		};
		D0C7BF8F1E2EF2D500F2048A /* Products */ = {
			isa = PBXGroup;
			children = (
				D0C7BF8E1E2EF2D500F2048A /* Types and Console.app */,
				D0C7BFA21E2EF2D500F2048A /* Types and ConsoleTests.xctest */,
				D0C7BFAD1E2EF2D500F2048A /* Types and ConsoleUITests.xctest */,
			);
			name = Products;
			sourceTree = "<group>";
		};
		D0C7BF901E2EF2D500F2048A /* Types and Console */ = {
			isa = PBXGroup;
			children = (
				D0C7BF911E2EF2D500F2048A /* AppDelegate.swift */,
				D0C7BF931E2EF2D500F2048A /* ViewController.swift */,
				D0C7BF951E2EF2D500F2048A /* Main.storyboard */,
				D0C7BF981E2EF2D500F2048A /* Assets.xcassets */,
				D0C7BF9A1E2EF2D500F2048A /* LaunchScreen.storyboard */,
				D0C7BF9D1E2EF2D500F2048A /* Info.plist */,
			);
			path = "Types and Console";
			sourceTree = "<group>";
		};
		D0C7BFA51E2EF2D500F2048A /* Types and ConsoleTests */ = {
			isa = PBXGroup;
			children = (
				D0C7BFA61E2EF2D500F2048A /* Types_and_ConsoleTests.swift */,
				D0C7BFA81E2EF2D500F2048A /* Info.plist */,
			);
			path = "Types and ConsoleTests";
			sourceTree = "<group>";
		};
		D0C7BFB01E2EF2D600F2048A /* Types and ConsoleUITests */ = {
			isa = PBXGroup;
			children = (
				D0C7BFB11E2EF2D600F2048A /* Types_and_ConsoleUITests.swift */,
				D0C7BFB31E2EF2D600F2048A /* Info.plist */,
			);
			path = "Types and ConsoleUITests";
			sourceTree = "<group>";
		};
/* End PBXGroup section */

/* Begin PBXNativeTarget section */
		D0C7BF8D1E2EF2D500F2048A /* Types and Console */ = {
			isa = PBXNativeTarget;
			buildConfigurationList = D0C7BFB61E2EF2D600F2048A /* Build configuration list for PBXNativeTarget "Types and Console" */;
			buildPhases = (
				D0C7BF8A1E2EF2D500F2048A /* Sources */,
				D0C7BF8B1E2EF2D500F2048A /* Frameworks */,
				D0C7BF8C1E2EF2D500F2048A /* Resources */,
			);
			buildRules = (
			);
			dependencies = (
			);
			name = "Types and Console";
			productName = "Types and Console";
			productReference = D0C7BF8E1E2EF2D500F2048A /* Types and Console.app */;
			productType = "com.apple.product-type.application";
		};
		D0C7BFA11E2EF2D500F2048A /* Types and ConsoleTests */ = {
			isa = PBXNativeTarget;
			buildConfigurationList = D0C7BFB91E2EF2D600F2048A /* Build configuration list for PBXNativeTarget "Types and ConsoleTests" */;
			buildPhases = (
				D0C7BF9E1E2EF2D500F2048A /* Sources */,
				D0C7BF9F1E2EF2D500F2048A /* Frameworks */,
				D0C7BFA01E2EF2D500F2048A /* Resources */,
			);
			buildRules = (
			);
			dependencies = (
				D0C7BFA41E2EF2D500F2048A /* PBXTargetDependency */,
			);
			name = "Types and ConsoleTests";
			productName = "Types and ConsoleTests";
			productReference = D0C7BFA21E2EF2D500F2048A /* Types and ConsoleTests.xctest */;
			productType = "com.apple.product-type.bundle.unit-test";
		};
		D0C7BFAC1E2EF2D500F2048A /* Types and ConsoleUITests */ = {
			isa = PBXNativeTarget;
			buildConfigurationList = D0C7BFBC1E2EF2D600F2048A /* Build configuration list for PBXNativeTarget "Types and ConsoleUITests" */;
			buildPhases = (
				D0C7BFA91E2EF2D500F2048A /* Sources */,
				D0C7BFAA1E2EF2D500F2048A /* Frameworks */,
				D0C7BFAB1E2EF2D500F2048A /* Resources */,
			);
			buildRules = (
			);
			dependencies = (
				D0C7BFAF1E2EF2D500F2048A /* PBXTargetDependency */,
			);
			name = "Types and ConsoleUITests";
			productName = "Types and ConsoleUITests";
			productReference = D0C7BFAD1E2EF2D500F2048A /* Types and ConsoleUITests.xctest */;
			productType = "com.apple.product-type.bundle.ui-testing";
		};
/* End PBXNativeTarget section */

/* Begin PBXProject section */
		D0C7BF861E2EF2D500F2048A /* Project object */ = {
			isa = PBXProject;
			attributes = {
				LastSwiftUpdateCheck = 0820;
				LastUpgradeCheck = 0820;
				ORGANIZATIONNAME = "LT Carbonell";
				TargetAttributes = {
					D0C7BF8D1E2EF2D500F2048A = {
						CreatedOnToolsVersion = 8.2.1;
						ProvisioningStyle = Automatic;
					};
					D0C7BFA11E2EF2D500F2048A = {
						CreatedOnToolsVersion = 8.2.1;
						ProvisioningStyle = Automatic;
						TestTargetID = D0C7BF8D1E2EF2D500F2048A;
					};
					D0C7BFAC1E2EF2D500F2048A = {
						CreatedOnToolsVersion = 8.2.1;
						ProvisioningStyle = Automatic;
						TestTargetID = D0C7BF8D1E2EF2D500F2048A;
					};
				};
			};
			buildConfigurationList = D0C7BF891E2EF2D500F2048A /* Build configuration list for PBXProject "Types and Console" */;
			compatibilityVersion = "Xcode 3.2";
			developmentRegion = English;
			hasScannedForEncodings = 0;
			knownRegions = (
				en,
				Base,
			);
			mainGroup = D0C7BF851E2EF2D500F2048A;
			productRefGroup = D0C7BF8F1E2EF2D500F2048A /* Products */;
			projectDirPath = "";
			projectRoot = "";
			targets = (
				D0C7BF8D1E2EF2D500F2048A /* Types and Console */,
				D0C7BFA11E2EF2D500F2048A /* Types and ConsoleTests */,
				D0C7BFAC1E2EF2D500F2048A /* Types and ConsoleUITests */,
			);
		};
/* End PBXProject section */

/* Begin PBXResourcesBuildPhase section */
		D0C7BF8C1E2EF2D500F2048A /* Resources */ = {
			isa = PBXResourcesBuildPhase;
			buildActionMask = 2147483647;
			files = (
				D0C7BF9C1E2EF2D500F2048A /* LaunchScreen.storyboard in Resources */,
				D0C7BF991E2EF2D500F2048A /* Assets.xcassets in Resources */,
				D0C7BF971E2EF2D500F2048A /* Main.storyboard in Resources */,
			);
			runOnlyForDeploymentPostprocessing = 0;
		};
		D0C7BFA01E2EF2D500F2048A /* Resources */ = {
			isa = PBXResourcesBuildPhase;
			buildActionMask = 2147483647;
			files = (
			);
			runOnlyForDeploymentPostprocessing = 0;
		};
		D0C7BFAB1E2EF2D500F2048A /* Resources */ = {
			isa = PBXResourcesBuildPhase;
			buildActionMask = 2147483647;
			files = (
			);
			runOnlyForDeploymentPostprocessing = 0;
		};
/* End PBXResourcesBuildPhase section */

/* Begin PBXSourcesBuildPhase section */
		D0C7BF8A1E2EF2D500F2048A /* Sources */ = {
			isa = PBXSourcesBuildPhase;
			buildActionMask = 2147483647;
			files = (
				D0C7BF941E2EF2D500F2048A /* ViewController.swift in Sources */,
				D0C7BF921E2EF2D500F2048A /* AppDelegate.swift in Sources */,
			);
			runOnlyForDeploymentPostprocessing = 0;
		};
		D0C7BF9E1E2EF2D500F2048A /* Sources */ = {
			isa = PBXSourcesBuildPhase;
			buildActionMask = 2147483647;
			files = (
				D0C7BFA71E2EF2D500F2048A /* Types_and_ConsoleTests.swift in Sources */,
			);
			runOnlyForDeploymentPostprocessing = 0;
		};
		D0C7BFA91E2EF2D500F2048A /* Sources */ = {
			isa = PBXSourcesBuildPhase;
			buildActionMask = 2147483647;
			files = (
				D0C7BFB21E2EF2D600F2048A /* Types_and_ConsoleUITests.swift in Sources */,
			);
			runOnlyForDeploymentPostprocessing = 0;
		};
/* End PBXSourcesBuildPhase section */

/* Begin PBXTargetDependency section */
		D0C7BFA41E2EF2D500F2048A /* PBXTargetDependency */ = {
			isa = PBXTargetDependency;
			target = D0C7BF8D1E2EF2D500F2048A /* Types and Console */;
			targetProxy = D0C7BFA31E2EF2D500F2048A /* PBXContainerItemProxy */;
		};
		D0C7BFAF1E2EF2D500F2048A /* PBXTargetDependency */ = {
			isa = PBXTargetDependency;
			target = D0C7BF8D1E2EF2D500F2048A /* Types and Console */;
			targetProxy = D0C7BFAE1E2EF2D500F2048A /* PBXContainerItemProxy */;
		};
/* End PBXTargetDependency section */

/* Begin PBXVariantGroup section */
		D0C7BF951E2EF2D500F2048A /* Main.storyboard */ = {
			isa = PBXVariantGroup;
			children = (
				D0C7BF961E2EF2D500F2048A /* Base */,
			);
			name = Main.storyboard;
			sourceTree = "<group>";
		};
		D0C7BF9A1E2EF2D500F2048A /* LaunchScreen.storyboard */ = {
			isa = PBXVariantGroup;
			children = (
				D0C7BF9B1E2EF2D500F2048A /* Base */,
			);
			name = LaunchScreen.storyboard;
			sourceTree = "<group>";
		};
/* End PBXVariantGroup section */

/* Begin XCBuildConfiguration section */
		D0C7BFB41E2EF2D600F2048A /* Debug */ = {
			isa = XCBuildConfiguration;
			buildSettings = {
				ALWAYS_SEARCH_USER_PATHS = NO;
				CLANG_ANALYZER_NONNULL = YES;
				CLANG_CXX_LANGUAGE_STANDARD = "gnu++0x";
				CLANG_CXX_LIBRARY = "libc++";
				CLANG_ENABLE_MODULES = YES;
				CLANG_ENABLE_OBJC_ARC = YES;
				CLANG_WARN_BOOL_CONVERSION = YES;
				CLANG_WARN_CONSTANT_CONVERSION = YES;
				CLANG_WARN_DIRECT_OBJC_ISA_USAGE = YES_ERROR;
				CLANG_WARN_DOCUMENTATION_COMMENTS = YES;
				CLANG_WARN_EMPTY_BODY = YES;
				CLANG_WARN_ENUM_CONVERSION = YES;
				CLANG_WARN_INFINITE_RECURSION = YES;
				CLANG_WARN_INT_CONVERSION = YES;
				CLANG_WARN_OBJC_ROOT_CLASS = YES_ERROR;
				CLANG_WARN_SUSPICIOUS_MOVE = YES;
				CLANG_WARN_UNREACHABLE_CODE = YES;
				CLANG_WARN__DUPLICATE_METHOD_MATCH = YES;
				"CODE_SIGN_IDENTITY[sdk=iphoneos*]" = "iPhone Developer";
				COPY_PHASE_STRIP = NO;
				DEBUG_INFORMATION_FORMAT = dwarf;
				ENABLE_STRICT_OBJC_MSGSEND = YES;
				ENABLE_TESTABILITY = YES;
				GCC_C_LANGUAGE_STANDARD = gnu99;
				GCC_DYNAMIC_NO_PIC = NO;
				GCC_NO_COMMON_BLOCKS = YES;
				GCC_OPTIMIZATION_LEVEL = 0;
				GCC_PREPROCESSOR_DEFINITIONS = (
					"DEBUG=1",
					"$(inherited)",
				);
				GCC_WARN_64_TO_32_BIT_CONVERSION = YES;
				GCC_WARN_ABOUT_RETURN_TYPE = YES_ERROR;
				GCC_WARN_UNDECLARED_SELECTOR = YES;
				GCC_WARN_UNINITIALIZED_AUTOS = YES_AGGRESSIVE;
				GCC_WARN_UNUSED_FUNCTION = YES;
				GCC_WARN_UNUSED_VARIABLE = YES;
				IPHONEOS_DEPLOYMENT_TARGET = 10.2;
				MTL_ENABLE_DEBUG_INFO = YES;
				ONLY_ACTIVE_ARCH = YES;
				SDKROOT = iphoneos;
				SWIFT_ACTIVE_COMPILATION_CONDITIONS = DEBUG;
				SWIFT_OPTIMIZATION_LEVEL = "-Onone";
				TARGETED_DEVICE_FAMILY = "1,2";
			};
			name = Debug;
		};
		D0C7BFB51E2EF2D600F2048A /* Release */ = {
			isa = XCBuildConfiguration;
			buildSettings = {
				ALWAYS_SEARCH_USER_PATHS = NO;
				CLANG_ANALYZER_NONNULL = YES;
				CLANG_CXX_LANGUAGE_STANDARD = "gnu++0x";
				CLANG_CXX_LIBRARY = "libc++";
				CLANG_ENABLE_MODULES = YES;
				CLANG_ENABLE_OBJC_ARC = YES;
				CLANG_WARN_BOOL_CONVERSION = YES;
				CLANG_WARN_CONSTANT_CONVERSION = YES;
				CLANG_WARN_DIRECT_OBJC_ISA_USAGE = YES_ERROR;
				CLANG_WARN_DOCUMENTATION_COMMENTS = YES;
				CLANG_WARN_EMPTY_BODY = YES;
				CLANG_WARN_ENUM_CONVERSION = YES;
				CLANG_WARN_INFINITE_RECURSION = YES;
				CLANG_WARN_INT_CONVERSION = YES;
				CLANG_WARN_OBJC_ROOT_CLASS = YES_ERROR;
				CLANG_WARN_SUSPICIOUS_MOVE = YES;
				CLANG_WARN_UNREACHABLE_CODE = YES;
				CLANG_WARN__DUPLICATE_METHOD_MATCH = YES;
				"CODE_SIGN_IDENTITY[sdk=iphoneos*]" = "iPhone Developer";
				COPY_PHASE_STRIP = NO;
				DEBUG_INFORMATION_FORMAT = "dwarf-with-dsym";
				ENABLE_NS_ASSERTIONS = NO;
				ENABLE_STRICT_OBJC_MSGSEND = YES;
				GCC_C_LANGUAGE_STANDARD = gnu99;
				GCC_NO_COMMON_BLOCKS = YES;
				GCC_WARN_64_TO_32_BIT_CONVERSION = YES;
				GCC_WARN_ABOUT_RETURN_TYPE = YES_ERROR;
				GCC_WARN_UNDECLARED_SELECTOR = YES;
				GCC_WARN_UNINITIALIZED_AUTOS = YES_AGGRESSIVE;
				GCC_WARN_UNUSED_FUNCTION = YES;
				GCC_WARN_UNUSED_VARIABLE = YES;
				IPHONEOS_DEPLOYMENT_TARGET = 10.2;
				MTL_ENABLE_DEBUG_INFO = NO;
				SDKROOT = iphoneos;
				SWIFT_OPTIMIZATION_LEVEL = "-Owholemodule";
				TARGETED_DEVICE_FAMILY = "1,2";
				VALIDATE_PRODUCT = YES;
			};
			name = Release;
		};
		D0C7BFB71E2EF2D600F2048A /* Debug */ = {
			isa = XCBuildConfiguration;
			buildSettings = {
				ASSETCATALOG_COMPILER_APPICON_NAME = AppIcon;
				INFOPLIST_FILE = "Types and Console/Info.plist";
				LD_RUNPATH_SEARCH_PATHS = "$(inherited) @executable_path/Frameworks";
				PRODUCT_BUNDLE_IDENTIFIER = "com.ltcarbonell.Types-and-Console";
				PRODUCT_NAME = "$(TARGET_NAME)";
				SWIFT_VERSION = 3.0;
			};
			name = Debug;
		};
		D0C7BFB81E2EF2D600F2048A /* Release */ = {
			isa = XCBuildConfiguration;
			buildSettings = {
				ASSETCATALOG_COMPILER_APPICON_NAME = AppIcon;
				INFOPLIST_FILE = "Types and Console/Info.plist";
				LD_RUNPATH_SEARCH_PATHS = "$(inherited) @executable_path/Frameworks";
				PRODUCT_BUNDLE_IDENTIFIER = "com.ltcarbonell.Types-and-Console";
				PRODUCT_NAME = "$(TARGET_NAME)";
				SWIFT_VERSION = 3.0;
			};
			name = Release;
		};
		D0C7BFBA1E2EF2D600F2048A /* Debug */ = {
			isa = XCBuildConfiguration;
			buildSettings = {
				ALWAYS_EMBED_SWIFT_STANDARD_LIBRARIES = YES;
				BUNDLE_LOADER = "$(TEST_HOST)";
				INFOPLIST_FILE = "Types and ConsoleTests/Info.plist";
				LD_RUNPATH_SEARCH_PATHS = "$(inherited) @executable_path/Frameworks @loader_path/Frameworks";
				PRODUCT_BUNDLE_IDENTIFIER = "com.ltcarbonell.Types-and-ConsoleTests";
				PRODUCT_NAME = "$(TARGET_NAME)";
				SWIFT_VERSION = 3.0;
				TEST_HOST = "$(BUILT_PRODUCTS_DIR)/Types and Console.app/Types and Console";
			};
			name = Debug;
		};
		D0C7BFBB1E2EF2D600F2048A /* Release */ = {
			isa = XCBuildConfiguration;
			buildSettings = {
				ALWAYS_EMBED_SWIFT_STANDARD_LIBRARIES = YES;
				BUNDLE_LOADER = "$(TEST_HOST)";
				INFOPLIST_FILE = "Types and ConsoleTests/Info.plist";
				LD_RUNPATH_SEARCH_PATHS = "$(inherited) @executable_path/Frameworks @loader_path/Frameworks";
				PRODUCT_BUNDLE_IDENTIFIER = "com.ltcarbonell.Types-and-ConsoleTests";
				PRODUCT_NAME = "$(TARGET_NAME)";
				SWIFT_VERSION = 3.0;
				TEST_HOST = "$(BUILT_PRODUCTS_DIR)/Types and Console.app/Types and Console";
			};
			name = Release;
		};
		D0C7BFBD1E2EF2D600F2048A /* Debug */ = {
			isa = XCBuildConfiguration;
			buildSettings = {
				ALWAYS_EMBED_SWIFT_STANDARD_LIBRARIES = YES;
				INFOPLIST_FILE = "Types and ConsoleUITests/Info.plist";
				LD_RUNPATH_SEARCH_PATHS = "$(inherited) @executable_path/Frameworks @loader_path/Frameworks";
				PRODUCT_BUNDLE_IDENTIFIER = "com.ltcarbonell.Types-and-ConsoleUITests";
				PRODUCT_NAME = "$(TARGET_NAME)";
				SWIFT_VERSION = 3.0;
				TEST_TARGET_NAME = "Types and Console";
			};
			name = Debug;
		};
		D0C7BFBE1E2EF2D600F2048A /* Release */ = {
			isa = XCBuildConfiguration;
			buildSettings = {
				ALWAYS_EMBED_SWIFT_STANDARD_LIBRARIES = YES;
				INFOPLIST_FILE = "Types and ConsoleUITests/Info.plist";
				LD_RUNPATH_SEARCH_PATHS = "$(inherited) @executable_path/Frameworks @loader_path/Frameworks";
				PRODUCT_BUNDLE_IDENTIFIER = "com.ltcarbonell.Types-and-ConsoleUITests";
				PRODUCT_NAME = "$(TARGET_NAME)";
				SWIFT_VERSION = 3.0;
				TEST_TARGET_NAME = "Types and Console";
			};
			name = Release;
		};
/* End XCBuildConfiguration section */

/* Begin XCConfigurationList section */
		D0C7BF891E2EF2D500F2048A /* Build configuration list for PBXProject "Types and Console" */ = {
			isa = XCConfigurationList;
			buildConfigurations = (
				D0C7BFB41E2EF2D600F2048A /* Debug */,
				D0C7BFB51E2EF2D600F2048A /* Release */,
			);
			defaultConfigurationIsVisible = 0;
			defaultConfigurationName = Release;
		};
		D0C7BFB61E2EF2D600F2048A /* Build configuration list for PBXNativeTarget "Types and Console" */ = {
			isa = XCConfigurationList;
			buildConfigurations = (
				D0C7BFB71E2EF2D600F2048A /* Debug */,
				D0C7BFB81E2EF2D600F2048A /* Release */,
			);
			defaultConfigurationIsVisible = 0;
		};
		D0C7BFB91E2EF2D600F2048A /* Build configuration list for PBXNativeTarget "Types and ConsoleTests" */ = {
			isa = XCConfigurationList;
			buildConfigurations = (
				D0C7BFBA1E2EF2D600F2048A /* Debug */,
				D0C7BFBB1E2EF2D600F2048A /* Release */,
			);
			defaultConfigurationIsVisible = 0;
		};
		D0C7BFBC1E2EF2D600F2048A /* Build configuration list for PBXNativeTarget "Types and ConsoleUITests" */ = {
			isa = XCConfigurationList;
			buildConfigurations = (
				D0C7BFBD1E2EF2D600F2048A /* Debug */,
				D0C7BFBE1E2EF2D600F2048A /* Release */,
			);
			defaultConfigurationIsVisible = 0;
		};
/* End XCConfigurationList section */
	};
	rootObject = D0C7BF861E2EF2D500F2048A /* Project object */;
}
